{
  "name": "bg-generator-master",
  "version": "1.0.0",
  "lockfileVersion": 1,
  "requires": true,
  "dependencies": {
    "angle-input": {
      "version": "0.0.1",
      "resolved": "https://registry.npmjs.org/angle-input/-/angle-input-0.0.1.tgz",
      "integrity": "sha1-CrunuWsuYf44BbAFIueU2ahbyr4="
    }
  }
}
